
Microsoft Visual Studio Solution File, Format Version 12.00
# Visual Studio 15
VisualStudioVersion = 15.0.27130.2027
MinimumVisualStudioVersion = 10.0.40219.1
Project("{FAE04EC0-301F-11D3-BF4B-00C04F79EFBC}") = "webtest2", "webtest2\webtest2.csproj", "{2F6E8C60-52CA-4908-A806-A7CD6686ABCD}"
EndProject
Global
	GlobalSection(SolutionConfigurationPlatforms) = preSolution
		Debug|Any CPU = Debug|Any CPU
		Release|Any CPU = Release|Any CPU
	EndGlobalSection
	GlobalSection(ProjectConfigurationPlatforms) = postSolution
		{2F6E8C60-52CA-4908-A806-A7CD6686ABCD}.Debug|Any CPU.ActiveCfg = Debug|Any CPU
		{2F6E8C60-52CA-4908-A806-A7CD6686ABCD}.Debug|Any CPU.Build.0 = Debug|Any CPU
		{2F6E8C60-52CA-4908-A806-A7CD6686ABCD}.Release|Any CPU.ActiveCfg = Release|Any CPU
		{2F6E8C60-52CA-4908-A806-A7CD6686ABCD}.Release|Any CPU.Build.0 = Release|Any CPU
	EndGlobalSection
	GlobalSection(SolutionProperties) = preSolution
		HideSolutionNode = FALSE
	EndGlobalSection
	GlobalSection(ExtensibilityGlobals) = postSolution
		SolutionGuid = {1A601998-3861-4F01-A576-04D27C5A4C40}
	EndGlobalSection
EndGlobal
